
Microsoft Visual Studio Solution File, Format Version 12.00
# Visual Studio Version 17
VisualStudioVersion = 17.1.32319.34
MinimumVisualStudioVersion = 10.0.40219.1
Project("{2150E333-8FDC-42A3-9474-1A3956D46DE8}") = "Integration", "Integration", "{62D2AF62-920B-4DB4-ABA8-D7ED28EA58FA}"
EndProject
Project("{2150E333-8FDC-42A3-9474-1A3956D46DE8}") = "Services", "Services", "{5CA3F8C8-24E7-48AC-BB93-D55533E7E702}"
EndProject
Project("{2150E333-8FDC-42A3-9474-1A3956D46DE8}") = "Gateway", "Gateway", "{2644A4CC-F717-49E0-8302-F23BD4FC2F21}"
EndProject
Project("{2150E333-8FDC-42A3-9474-1A3956D46DE8}") = "FrontEnd", "FrontEnd", "{817EA756-E593-4A1C-9CB3-B9372FA1C6CE}"
EndProject
Project("{9A19103F-16F7-4668-BE54-9A1E7A4F7556}") = "Beam.Services.CouponAPI", "Beam.Services.CouponAPI\Beam.Services.CouponAPI.csproj", "{1D0D1E3E-1C8C-4897-990B-CE1CB41DAD65}"
EndProject
Project("{9A19103F-16F7-4668-BE54-9A1E7A4F7556}") = "Beam.Web", "Beam.Web\Beam.Web.csproj", "{523F26CA-7293-4030-80F4-92299AEE7BA3}"
EndProject
Project("{9A19103F-16F7-4668-BE54-9A1E7A4F7556}") = "Beam.Services.AuthAPI", "Beam.Services.AuthAPI\Beam.Services.AuthAPI.csproj", "{47FE5EA0-B534-4699-B8F0-4C864033F585}"
EndProject
Project("{9A19103F-16F7-4668-BE54-9A1E7A4F7556}") = "Beam.Services.ProductAPI", "Beam.Services.ProductAPI\Beam.Services.ProductAPI.csproj", "{F1221B1A-0F0B-4033-A2E4-5DAF9C516287}"
EndProject
Project("{9A19103F-16F7-4668-BE54-9A1E7A4F7556}") = "Beam.Services.ShoppingCartAPI", "Beam.Services.ShoppingCartAPI\Beam.Services.ShoppingCartAPI.csproj", "{59C913D4-479F-4C4F-B793-BA4EEF9F9CD0}"
EndProject
Project("{9A19103F-16F7-4668-BE54-9A1E7A4F7556}") = "Beam.MessageBus", "Beam.MessageBus\Beam.MessageBus.csproj", "{830B41BF-8178-435A-88E2-E1AB6EDFB3FA}"
EndProject
Project("{9A19103F-16F7-4668-BE54-9A1E7A4F7556}") = "Beam.Services.EmailAPI", "Beam.Services.EmailAPI\Beam.Services.EmailAPI.csproj", "{28E8750F-C3FF-4650-946D-20D414F6F5E4}"
EndProject
Project("{9A19103F-16F7-4668-BE54-9A1E7A4F7556}") = "Beam.Services.OrderAPI", "Beam.Services.OrderAPI\Beam.Services.OrderAPI.csproj", "{8901E5ED-816E-4C50-A310-CC3EB5BE05FD}"
EndProject
Project("{9A19103F-16F7-4668-BE54-9A1E7A4F7556}") = "Beam.Services.RewardAPI", "Beam.Services.RewardAPI\Beam.Services.RewardAPI.csproj", "{26F54D80-8222-4D24-82CD-7F9AECFC7129}"
EndProject
Project("{2150E333-8FDC-42A3-9474-1A3956D46DE8}") = "Solution Items", "Solution Items", "{C3034E4C-BE68-4765-9389-670F3F54CE19}"
	ProjectSection(SolutionItems) = preProject
		.gitignore = .gitignore
	EndProjectSection
EndProject
Global
	GlobalSection(SolutionConfigurationPlatforms) = preSolution
		Debug|Any CPU = Debug|Any CPU
		Release|Any CPU = Release|Any CPU
	EndGlobalSection
	GlobalSection(ProjectConfigurationPlatforms) = postSolution
		{1D0D1E3E-1C8C-4897-990B-CE1CB41DAD65}.Debug|Any CPU.ActiveCfg = Debug|Any CPU
		{1D0D1E3E-1C8C-4897-990B-CE1CB41DAD65}.Debug|Any CPU.Build.0 = Debug|Any CPU
		{1D0D1E3E-1C8C-4897-990B-CE1CB41DAD65}.Release|Any CPU.ActiveCfg = Release|Any CPU
		{1D0D1E3E-1C8C-4897-990B-CE1CB41DAD65}.Release|Any CPU.Build.0 = Release|Any CPU
		{523F26CA-7293-4030-80F4-92299AEE7BA3}.Debug|Any CPU.ActiveCfg = Debug|Any CPU
		{523F26CA-7293-4030-80F4-92299AEE7BA3}.Debug|Any CPU.Build.0 = Debug|Any CPU
		{523F26CA-7293-4030-80F4-92299AEE7BA3}.Release|Any CPU.ActiveCfg = Release|Any CPU
		{523F26CA-7293-4030-80F4-92299AEE7BA3}.Release|Any CPU.Build.0 = Release|Any CPU
		{47FE5EA0-B534-4699-B8F0-4C864033F585}.Debug|Any CPU.ActiveCfg = Debug|Any CPU
		{47FE5EA0-B534-4699-B8F0-4C864033F585}.Debug|Any CPU.Build.0 = Debug|Any CPU
		{47FE5EA0-B534-4699-B8F0-4C864033F585}.Release|Any CPU.ActiveCfg = Release|Any CPU
		{47FE5EA0-B534-4699-B8F0-4C864033F585}.Release|Any CPU.Build.0 = Release|Any CPU
		{F1221B1A-0F0B-4033-A2E4-5DAF9C516287}.Debug|Any CPU.ActiveCfg = Debug|Any CPU
		{F1221B1A-0F0B-4033-A2E4-5DAF9C516287}.Debug|Any CPU.Build.0 = Debug|Any CPU
		{F1221B1A-0F0B-4033-A2E4-5DAF9C516287}.Release|Any CPU.ActiveCfg = Release|Any CPU
		{F1221B1A-0F0B-4033-A2E4-5DAF9C516287}.Release|Any CPU.Build.0 = Release|Any CPU
		{59C913D4-479F-4C4F-B793-BA4EEF9F9CD0}.Debug|Any CPU.ActiveCfg = Debug|Any CPU
		{59C913D4-479F-4C4F-B793-BA4EEF9F9CD0}.Debug|Any CPU.Build.0 = Debug|Any CPU
		{59C913D4-479F-4C4F-B793-BA4EEF9F9CD0}.Release|Any CPU.ActiveCfg = Release|Any CPU
		{59C913D4-479F-4C4F-B793-BA4EEF9F9CD0}.Release|Any CPU.Build.0 = Release|Any CPU
		{830B41BF-8178-435A-88E2-E1AB6EDFB3FA}.Debug|Any CPU.ActiveCfg = Debug|Any CPU
		{830B41BF-8178-435A-88E2-E1AB6EDFB3FA}.Debug|Any CPU.Build.0 = Debug|Any CPU
		{830B41BF-8178-435A-88E2-E1AB6EDFB3FA}.Release|Any CPU.ActiveCfg = Release|Any CPU
		{830B41BF-8178-435A-88E2-E1AB6EDFB3FA}.Release|Any CPU.Build.0 = Release|Any CPU
		{28E8750F-C3FF-4650-946D-20D414F6F5E4}.Debug|Any CPU.ActiveCfg = Debug|Any CPU
		{28E8750F-C3FF-4650-946D-20D414F6F5E4}.Debug|Any CPU.Build.0 = Debug|Any CPU
		{28E8750F-C3FF-4650-946D-20D414F6F5E4}.Release|Any CPU.ActiveCfg = Release|Any CPU
		{28E8750F-C3FF-4650-946D-20D414F6F5E4}.Release|Any CPU.Build.0 = Release|Any CPU
		{8901E5ED-816E-4C50-A310-CC3EB5BE05FD}.Debug|Any CPU.ActiveCfg = Debug|Any CPU
		{8901E5ED-816E-4C50-A310-CC3EB5BE05FD}.Debug|Any CPU.Build.0 = Debug|Any CPU
		{8901E5ED-816E-4C50-A310-CC3EB5BE05FD}.Release|Any CPU.ActiveCfg = Release|Any CPU
		{8901E5ED-816E-4C50-A310-CC3EB5BE05FD}.Release|Any CPU.Build.0 = Release|Any CPU
		{26F54D80-8222-4D24-82CD-7F9AECFC7129}.Debug|Any CPU.ActiveCfg = Debug|Any CPU
		{26F54D80-8222-4D24-82CD-7F9AECFC7129}.Debug|Any CPU.Build.0 = Debug|Any CPU
		{26F54D80-8222-4D24-82CD-7F9AECFC7129}.Release|Any CPU.ActiveCfg = Release|Any CPU
		{26F54D80-8222-4D24-82CD-7F9AECFC7129}.Release|Any CPU.Build.0 = Release|Any CPU
	EndGlobalSection
	GlobalSection(SolutionProperties) = preSolution
		HideSolutionNode = FALSE
	EndGlobalSection
	GlobalSection(NestedProjects) = preSolution
		{1D0D1E3E-1C8C-4897-990B-CE1CB41DAD65} = {5CA3F8C8-24E7-48AC-BB93-D55533E7E702}
		{523F26CA-7293-4030-80F4-92299AEE7BA3} = {817EA756-E593-4A1C-9CB3-B9372FA1C6CE}
		{47FE5EA0-B534-4699-B8F0-4C864033F585} = {5CA3F8C8-24E7-48AC-BB93-D55533E7E702}
		{F1221B1A-0F0B-4033-A2E4-5DAF9C516287} = {5CA3F8C8-24E7-48AC-BB93-D55533E7E702}
		{59C913D4-479F-4C4F-B793-BA4EEF9F9CD0} = {5CA3F8C8-24E7-48AC-BB93-D55533E7E702}
		{830B41BF-8178-435A-88E2-E1AB6EDFB3FA} = {62D2AF62-920B-4DB4-ABA8-D7ED28EA58FA}
		{28E8750F-C3FF-4650-946D-20D414F6F5E4} = {5CA3F8C8-24E7-48AC-BB93-D55533E7E702}
		{8901E5ED-816E-4C50-A310-CC3EB5BE05FD} = {5CA3F8C8-24E7-48AC-BB93-D55533E7E702}
		{26F54D80-8222-4D24-82CD-7F9AECFC7129} = {5CA3F8C8-24E7-48AC-BB93-D55533E7E702}
	EndGlobalSection
	GlobalSection(ExtensibilityGlobals) = postSolution
		SolutionGuid = {468EF2C5-2A71-4B41-BAFA-94E6B3BAEDC6}
	EndGlobalSection
EndGlobal
